{
  "name": "Stack Overflow clone",
  "lockfileVersion": 3,
  "requires": true,
  "packages": {
    "": {
      "devDependencies": {
        "@types/mssql": "^8.1.2"
      }
    },
    "node_modules/@types/mssql": {
      "version": "8.1.2",
      "resolved": "https://registry.npmjs.org/@types/mssql/-/mssql-8.1.2.tgz",
      "integrity": "sha512-hoDM+mZUClfXu0J1pyVdbhv2Ve0dl0TdagAE3M5rd1slqoVEEHuNObPD+giwtJgyo99CcS58qbF9ektVKdxSfQ==",
      "dev": true,
      "dependencies": {
        "@types/node": "*",
        "@types/tedious": "*",
        "tarn": "^3.0.1"
      }
    },
    "node_modules/@types/node": {
      "version": "18.15.3",
      "resolved": "https://registry.npmjs.org/@types/node/-/node-18.15.3.tgz",
      "integrity": "sha512-p6ua9zBxz5otCmbpb5D3U4B5Nanw6Pk3PPyX05xnxbB/fRv71N7CPmORg7uAD5P70T0xmx1pzAx/FUfa5X+3cw==",
      "dev": true
    },
    "node_modules/@types/tedious": {
      "version": "4.0.9",
      "resolved": "https://registry.npmjs.org/@types/tedious/-/tedious-4.0.9.tgz",
      "integrity": "sha512-ipwFvfy9b2m0gjHsIX0D6NAAwGCKokzf5zJqUZHUGt+7uWVlBIy6n2eyMgiKQ8ChLFVxic/zwQUhjLYNzbHDRA==",
      "dev": true,
      "dependencies": {
        "@types/node": "*"
      }
    },
    "node_modules/tarn": {
      "version": "3.0.2",
      "resolved": "https://registry.npmjs.org/tarn/-/tarn-3.0.2.tgz",
      "integrity": "sha512-51LAVKUSZSVfI05vjPESNc5vwqqZpbXCsU+/+wxlOrUjk2SnFTt97v9ZgQrD4YmxYW1Px6w2KjaDitCfkvgxMQ==",
      "dev": true,
      "engines": {
        "node": ">=8.0.0"
      }
    }
  }
}
